// !$*UTF8*$!
{
	archiveVersion = 1;
	classes = {
	};
	objectVersion = 52;
	objects = {

/* Begin PBXBuildFile section */
		63E89318265BDB840080ABEA /* AppDelegate.swift in Sources */ = {isa = PBXBuildFile; fileRef = 63E89317265BDB840080ABEA /* AppDelegate.swift */; };
		63E8931A265BDB840080ABEA /* SceneDelegate.swift in Sources */ = {isa = PBXBuildFile; fileRef = 63E89319265BDB840080ABEA /* SceneDelegate.swift */; };
		63E8931C265BDB840080ABEA /* ViewController.swift in Sources */ = {isa = PBXBuildFile; fileRef = 63E8931B265BDB840080ABEA /* ViewController.swift */; };
		63E8931F265BDB840080ABEA /* Main.storyboard in Resources */ = {isa = PBXBuildFile; fileRef = 63E8931D265BDB840080ABEA /* Main.storyboard */; };
		63E89321265BDB860080ABEA /* Assets.xcassets in Resources */ = {isa = PBXBuildFile; fileRef = 63E89320265BDB860080ABEA /* Assets.xcassets */; };
		63E89324265BDB860080ABEA /* LaunchScreen.storyboard in Resources */ = {isa = PBXBuildFile; fileRef = 63E89322265BDB860080ABEA /* LaunchScreen.storyboard */; };
		63E8932F265BE0950080ABEA /* MyCollectionViewCell.swift in Sources */ = {isa = PBXBuildFile; fileRef = 63E8932D265BE0950080ABEA /* MyCollectionViewCell.swift */; };
		63E89330265BE0950080ABEA /* MyCollectionViewCell.xib in Resources */ = {isa = PBXBuildFile; fileRef = 63E8932E265BE0950080ABEA /* MyCollectionViewCell.xib */; };
		63E89333265BE8080080ABEA /* Kingfisher in Frameworks */ = {isa = PBXBuildFile; productRef = 63E89332265BE8080080ABEA /* Kingfisher */; };
		63E89337265BED3D0080ABEA /* FullScreenViewController.swift in Sources */ = {isa = PBXBuildFile; fileRef = 63E89336265BED3D0080ABEA /* FullScreenViewController.swift */; };
		63E8933A265BEDE80080ABEA /* fullScreenCell.swift in Sources */ = {isa = PBXBuildFile; fileRef = 63E89338265BEDE80080ABEA /* fullScreenCell.swift */; };
		63E8933B265BEDE80080ABEA /* fullScreenCell.xib in Resources */ = {isa = PBXBuildFile; fileRef = 63E89339265BEDE80080ABEA /* fullScreenCell.xib */; };
/* End PBXBuildFile section */

/* Begin PBXFileReference section */
		63E89314265BDB840080ABEA /* animekvabidz__18.app */ = {isa = PBXFileReference; explicitFileType = wrapper.application; includeInIndex = 0; path = animekvabidz__18.app; sourceTree = BUILT_PRODUCTS_DIR; };
		63E89317265BDB840080ABEA /* AppDelegate.swift */ = {isa = PBXFileReference; lastKnownFileType = sourcecode.swift; path = AppDelegate.swift; sourceTree = "<group>"; };
		63E89319265BDB840080ABEA /* SceneDelegate.swift */ = {isa = PBXFileReference; lastKnownFileType = sourcecode.swift; path = SceneDelegate.swift; sourceTree = "<group>"; };
		63E8931B265BDB840080ABEA /* ViewController.swift */ = {isa = PBXFileReference; lastKnownFileType = sourcecode.swift; path = ViewController.swift; sourceTree = "<group>"; };
		63E8931E265BDB840080ABEA /* Base */ = {isa = PBXFileReference; lastKnownFileType = file.storyboard; name = Base; path = Base.lproj/Main.storyboard; sourceTree = "<group>"; };
		63E89320265BDB860080ABEA /* Assets.xcassets */ = {isa = PBXFileReference; lastKnownFileType = folder.assetcatalog; path = Assets.xcassets; sourceTree = "<group>"; };
		63E89323265BDB860080ABEA /* Base */ = {isa = PBXFileReference; lastKnownFileType = file.storyboard; name = Base; path = Base.lproj/LaunchScreen.storyboard; sourceTree = "<group>"; };
		63E89325265BDB860080ABEA /* Info.plist */ = {isa = PBXFileReference; lastKnownFileType = text.plist.xml; path = Info.plist; sourceTree = "<group>"; };
		63E8932D265BE0950080ABEA /* MyCollectionViewCell.swift */ = {isa = PBXFileReference; lastKnownFileType = sourcecode.swift; path = MyCollectionViewCell.swift; sourceTree = "<group>"; };
		63E8932E265BE0950080ABEA /* MyCollectionViewCell.xib */ = {isa = PBXFileReference; lastKnownFileType = file.xib; path = MyCollectionViewCell.xib; sourceTree = "<group>"; };
		63E89336265BED3D0080ABEA /* FullScreenViewController.swift */ = {isa = PBXFileReference; lastKnownFileType = sourcecode.swift; path = FullScreenViewController.swift; sourceTree = "<group>"; };
		63E89338265BEDE80080ABEA /* fullScreenCell.swift */ = {isa = PBXFileReference; lastKnownFileType = sourcecode.swift; path = fullScreenCell.swift; sourceTree = "<group>"; };
		63E89339265BEDE80080ABEA /* fullScreenCell.xib */ = {isa = PBXFileReference; lastKnownFileType = file.xib; path = fullScreenCell.xib; sourceTree = "<group>"; };
/* End PBXFileReference section */

/* Begin PBXFrameworksBuildPhase section */
		63E89311265BDB840080ABEA /* Frameworks */ = {
			isa = PBXFrameworksBuildPhase;
			buildActionMask = 2147483647;
			files = (
				63E89333265BE8080080ABEA /* Kingfisher in Frameworks */,
			);
			runOnlyForDeploymentPostprocessing = 0;
		};
/* End PBXFrameworksBuildPhase section */

/* Begin PBXGroup section */
		63E8930B265BDB840080ABEA = {
			isa = PBXGroup;
			children = (
				63E89316265BDB840080ABEA /* animekvabidz__18 */,
				63E89315265BDB840080ABEA /* Products */,
			);
			sourceTree = "<group>";
		};
		63E89315265BDB840080ABEA /* Products */ = {
			isa = PBXGroup;
			children = (
				63E89314265BDB840080ABEA /* animekvabidz__18.app */,
			);
			name = Products;
			sourceTree = "<group>";
		};
		63E89316265BDB840080ABEA /* animekvabidz__18 */ = {
			isa = PBXGroup;
			children = (
				63E89335265BECDE0080ABEA /* Main */,
				63E89334265BECCA0080ABEA /* galleryCell */,
				63E8933C265BEDF30080ABEA /* fullScreeen */,
				63E89317265BDB840080ABEA /* AppDelegate.swift */,
				63E89319265BDB840080ABEA /* SceneDelegate.swift */,
				63E89320265BDB860080ABEA /* Assets.xcassets */,
				63E89322265BDB860080ABEA /* LaunchScreen.storyboard */,
				63E89325265BDB860080ABEA /* Info.plist */,
			);
			path = animekvabidz__18;
			sourceTree = "<group>";
		};
		63E89334265BECCA0080ABEA /* galleryCell */ = {
			isa = PBXGroup;
			children = (
				63E8932D265BE0950080ABEA /* MyCollectionViewCell.swift */,
				63E8932E265BE0950080ABEA /* MyCollectionViewCell.xib */,
			);
			path = galleryCell;
			sourceTree = "<group>";
		};
		63E89335265BECDE0080ABEA /* Main */ = {
			isa = PBXGroup;
			children = (
				63E8931B265BDB840080ABEA /* ViewController.swift */,
				63E8931D265BDB840080ABEA /* Main.storyboard */,
			);
			path = Main;
			sourceTree = "<group>";
		};
		63E8933C265BEDF30080ABEA /* fullScreeen */ = {
			isa = PBXGroup;
			children = (
				63E89336265BED3D0080ABEA /* FullScreenViewController.swift */,
				63E89338265BEDE80080ABEA /* fullScreenCell.swift */,
				63E89339265BEDE80080ABEA /* fullScreenCell.xib */,
			);
			path = fullScreeen;
			sourceTree = "<group>";
		};
/* End PBXGroup section */

/* Begin PBXNativeTarget section */
		63E89313265BDB840080ABEA /* animekvabidz__18 */ = {
			isa = PBXNativeTarget;
			buildConfigurationList = 63E89328265BDB860080ABEA /* Build configuration list for PBXNativeTarget "animekvabidz__18" */;
			buildPhases = (
				63E89310265BDB840080ABEA /* Sources */,
				63E89311265BDB840080ABEA /* Frameworks */,
				63E89312265BDB840080ABEA /* Resources */,
			);
			buildRules = (
			);
			dependencies = (
			);
			name = animekvabidz__18;
			packageProductDependencies = (
				63E89332265BE8080080ABEA /* Kingfisher */,
			);
			productName = animekvabidz__18;
			productReference = 63E89314265BDB840080ABEA /* animekvabidz__18.app */;
			productType = "com.apple.product-type.application";
		};
/* End PBXNativeTarget section */

/* Begin PBXProject section */
		63E8930C265BDB840080ABEA /* Project object */ = {
			isa = PBXProject;
			attributes = {
				LastSwiftUpdateCheck = 1250;
				LastUpgradeCheck = 1250;
				TargetAttributes = {
					63E89313265BDB840080ABEA = {
						CreatedOnToolsVersion = 12.5;
					};
				};
			};
			buildConfigurationList = 63E8930F265BDB840080ABEA /* Build configuration list for PBXProject "animekvabidz__18" */;
			compatibilityVersion = "Xcode 9.3";
			developmentRegion = en;
			hasScannedForEncodings = 0;
			knownRegions = (
				en,
				Base,
			);
			mainGroup = 63E8930B265BDB840080ABEA;
			packageReferences = (
				63E89331265BE8080080ABEA /* XCRemoteSwiftPackageReference "Kingfisher" */,
			);
			productRefGroup = 63E89315265BDB840080ABEA /* Products */;
			projectDirPath = "";
			projectRoot = "";
			targets = (
				63E89313265BDB840080ABEA /* animekvabidz__18 */,
			);
		};
/* End PBXProject section */

/* Begin PBXResourcesBuildPhase section */
		63E89312265BDB840080ABEA /* Resources */ = {
			isa = PBXResourcesBuildPhase;
			buildActionMask = 2147483647;
			files = (
				63E89324265BDB860080ABEA /* LaunchScreen.storyboard in Resources */,
				63E89321265BDB860080ABEA /* Assets.xcassets in Resources */,
				63E89330265BE0950080ABEA /* MyCollectionViewCell.xib in Resources */,
				63E8933B265BEDE80080ABEA /* fullScreenCell.xib in Resources */,
				63E8931F265BDB840080ABEA /* Main.storyboard in Resources */,
			);
			runOnlyForDeploymentPostprocessing = 0;
		};
/* End PBXResourcesBuildPhase section */

/* Begin PBXSourcesBuildPhase section */
		63E89310265BDB840080ABEA /* Sources */ = {
			isa = PBXSourcesBuildPhase;
			buildActionMask = 2147483647;
			files = (
				63E8933A265BEDE80080ABEA /* fullScreenCell.swift in Sources */,
				63E89337265BED3D0080ABEA /* FullScreenViewController.swift in Sources */,
				63E8931C265BDB840080ABEA /* ViewController.swift in Sources */,
				63E89318265BDB840080ABEA /* AppDelegate.swift in Sources */,
				63E8932F265BE0950080ABEA /* MyCollectionViewCell.swift in Sources */,
				63E8931A265BDB840080ABEA /* SceneDelegate.swift in Sources */,
			);
			runOnlyForDeploymentPostprocessing = 0;
		};
/* End PBXSourcesBuildPhase section */

/* Begin PBXVariantGroup section */
		63E8931D265BDB840080ABEA /* Main.storyboard */ = {
			isa = PBXVariantGroup;
			children = (
				63E8931E265BDB840080ABEA /* Base */,
			);
			name = Main.storyboard;
			sourceTree = "<group>";
		};
		63E89322265BDB860080ABEA /* LaunchScreen.storyboard */ = {
			isa = PBXVariantGroup;
			children = (
				63E89323265BDB860080ABEA /* Base */,
			);
			name = LaunchScreen.storyboard;
			sourceTree = "<group>";
		};
/* End PBXVariantGroup section */

/* Begin XCBuildConfiguration section */
		63E89326265BDB860080ABEA /* Debug */ = {
			isa = XCBuildConfiguration;
			buildSettings = {
				ALWAYS_SEARCH_USER_PATHS = NO;
				CLANG_ANALYZER_NONNULL = YES;
				CLANG_ANALYZER_NUMBER_OBJECT_CONVERSION = YES_AGGRESSIVE;
				CLANG_CXX_LANGUAGE_STANDARD = "gnu++14";
				CLANG_CXX_LIBRARY = "libc++";
				CLANG_ENABLE_MODULES = YES;
				CLANG_ENABLE_OBJC_ARC = YES;
				CLANG_ENABLE_OBJC_WEAK = YES;
				CLANG_WARN_BLOCK_CAPTURE_AUTORELEASING = YES;
				CLANG_WARN_BOOL_CONVERSION = YES;
				CLANG_WARN_COMMA = YES;
				CLANG_WARN_CONSTANT_CONVERSION = YES;
				CLANG_WARN_DEPRECATED_OBJC_IMPLEMENTATIONS = YES;
				CLANG_WARN_DIRECT_OBJC_ISA_USAGE = YES_ERROR;
				CLANG_WARN_DOCUMENTATION_COMMENTS = YES;
				CLANG_WARN_EMPTY_BODY = YES;
				CLANG_WARN_ENUM_CONVERSION = YES;
				CLANG_WARN_INFINITE_RECURSION = YES;
				CLANG_WARN_INT_CONVERSION = YES;
				CLANG_WARN_NON_LITERAL_NULL_CONVERSION = YES;
				CLANG_WARN_OBJC_IMPLICIT_RETAIN_SELF = YES;
				CLANG_WARN_OBJC_LITERAL_CONVERSION = YES;
				CLANG_WARN_OBJC_ROOT_CLASS = YES_ERROR;
				CLANG_WARN_QUOTED_INCLUDE_IN_FRAMEWORK_HEADER = YES;
				CLANG_WARN_RANGE_LOOP_ANALYSIS = YES;
				CLANG_WARN_STRICT_PROTOTYPES = YES;
				CLANG_WARN_SUSPICIOUS_MOVE = YES;
				CLANG_WARN_UNGUARDED_AVAILABILITY = YES_AGGRESSIVE;
				CLANG_WARN_UNREACHABLE_CODE = YES;
				CLANG_WARN__DUPLICATE_METHOD_MATCH = YES;
				COPY_PHASE_STRIP = NO;
				DEBUG_INFORMATION_FORMAT = dwarf;
				ENABLE_STRICT_OBJC_MSGSEND = YES;
				ENABLE_TESTABILITY = YES;
				GCC_C_LANGUAGE_STANDARD = gnu11;
				GCC_DYNAMIC_NO_PIC = NO;
				GCC_NO_COMMON_BLOCKS = YES;
				GCC_OPTIMIZATION_LEVEL = 0;
				GCC_PREPROCESSOR_DEFINITIONS = (
					"DEBUG=1",
					"$(inherited)",
				);
				GCC_WARN_64_TO_32_BIT_CONVERSION = YES;
				GCC_WARN_ABOUT_RETURN_TYPE = YES_ERROR;
				GCC_WARN_UNDECLARED_SELECTOR = YES;
				GCC_WARN_UNINITIALIZED_AUTOS = YES_AGGRESSIVE;
				GCC_WARN_UNUSED_FUNCTION = YES;
				GCC_WARN_UNUSED_VARIABLE = YES;
				IPHONEOS_DEPLOYMENT_TARGET = 14.5;
				MTL_ENABLE_DEBUG_INFO = INCLUDE_SOURCE;
				MTL_FAST_MATH = YES;
				ONLY_ACTIVE_ARCH = YES;
				SDKROOT = iphoneos;
				SWIFT_ACTIVE_COMPILATION_CONDITIONS = DEBUG;
				SWIFT_OPTIMIZATION_LEVEL = "-Onone";
			};
			name = Debug;
		};
		63E89327265BDB860080ABEA /* Release */ = {
			isa = XCBuildConfiguration;
			buildSettings = {
				ALWAYS_SEARCH_USER_PATHS = NO;
				CLANG_ANALYZER_NONNULL = YES;
				CLANG_ANALYZER_NUMBER_OBJECT_CONVERSION = YES_AGGRESSIVE;
				CLANG_CXX_LANGUAGE_STANDARD = "gnu++14";
				CLANG_CXX_LIBRARY = "libc++";
				CLANG_ENABLE_MODULES = YES;
				CLANG_ENABLE_OBJC_ARC = YES;
				CLANG_ENABLE_OBJC_WEAK = YES;
				CLANG_WARN_BLOCK_CAPTURE_AUTORELEASING = YES;
				CLANG_WARN_BOOL_CONVERSION = YES;
				CLANG_WARN_COMMA = YES;
				CLANG_WARN_CONSTANT_CONVERSION = YES;
				CLANG_WARN_DEPRECATED_OBJC_IMPLEMENTATIONS = YES;
				CLANG_WARN_DIRECT_OBJC_ISA_USAGE = YES_ERROR;
				CLANG_WARN_DOCUMENTATION_COMMENTS = YES;
				CLANG_WARN_EMPTY_BODY = YES;
				CLANG_WARN_ENUM_CONVERSION = YES;
				CLANG_WARN_INFINITE_RECURSION = YES;
				CLANG_WARN_INT_CONVERSION = YES;
				CLANG_WARN_NON_LITERAL_NULL_CONVERSION = YES;
				CLANG_WARN_OBJC_IMPLICIT_RETAIN_SELF = YES;
				CLANG_WARN_OBJC_LITERAL_CONVERSION = YES;
				CLANG_WARN_OBJC_ROOT_CLASS = YES_ERROR;
				CLANG_WARN_QUOTED_INCLUDE_IN_FRAMEWORK_HEADER = YES;
				CLANG_WARN_RANGE_LOOP_ANALYSIS = YES;
				CLANG_WARN_STRICT_PROTOTYPES = YES;
				CLANG_WARN_SUSPICIOUS_MOVE = YES;
				CLANG_WARN_UNGUARDED_AVAILABILITY = YES_AGGRESSIVE;
				CLANG_WARN_UNREACHABLE_CODE = YES;
				CLANG_WARN__DUPLICATE_METHOD_MATCH = YES;
				COPY_PHASE_STRIP = NO;
				DEBUG_INFORMATION_FORMAT = "dwarf-with-dsym";
				ENABLE_NS_ASSERTIONS = NO;
				ENABLE_STRICT_OBJC_MSGSEND = YES;
				GCC_C_LANGUAGE_STANDARD = gnu11;
				GCC_NO_COMMON_BLOCKS = YES;
				GCC_WARN_64_TO_32_BIT_CONVERSION = YES;
				GCC_WARN_ABOUT_RETURN_TYPE = YES_ERROR;
				GCC_WARN_UNDECLARED_SELECTOR = YES;
				GCC_WARN_UNINITIALIZED_AUTOS = YES_AGGRESSIVE;
				GCC_WARN_UNUSED_FUNCTION = YES;
				GCC_WARN_UNUSED_VARIABLE = YES;
				IPHONEOS_DEPLOYMENT_TARGET = 14.5;
				MTL_ENABLE_DEBUG_INFO = NO;
				MTL_FAST_MATH = YES;
				SDKROOT = iphoneos;
				SWIFT_COMPILATION_MODE = wholemodule;
				SWIFT_OPTIMIZATION_LEVEL = "-O";
				VALIDATE_PRODUCT = YES;
			};
			name = Release;
		};
		63E89329265BDB860080ABEA /* Debug */ = {
			isa = XCBuildConfiguration;
			buildSettings = {
				ASSETCATALOG_COMPILER_APPICON_NAME = AppIcon;
				ASSETCATALOG_COMPILER_GLOBAL_ACCENT_COLOR_NAME = AccentColor;
				CODE_SIGN_STYLE = Automatic;
				DEVELOPMENT_TEAM = N2JLK5GH9J;
				INFOPLIST_FILE = animekvabidz__18/Info.plist;
				LD_RUNPATH_SEARCH_PATHS = (
					"$(inherited)",
					"@executable_path/Frameworks",
				);
				PRODUCT_BUNDLE_IDENTIFIER = "com.example.animekvabidz--18";
				PRODUCT_NAME = "$(TARGET_NAME)";
				SWIFT_VERSION = 5.0;
				TARGETED_DEVICE_FAMILY = "1,2";
			};
			name = Debug;
		};
		63E8932A265BDB860080ABEA /* Release */ = {
			isa = XCBuildConfiguration;
			buildSettings = {
				ASSETCATALOG_COMPILER_APPICON_NAME = AppIcon;
				ASSETCATALOG_COMPILER_GLOBAL_ACCENT_COLOR_NAME = AccentColor;
				CODE_SIGN_STYLE = Automatic;
				DEVELOPMENT_TEAM = N2JLK5GH9J;
				INFOPLIST_FILE = animekvabidz__18/Info.plist;
				LD_RUNPATH_SEARCH_PATHS = (
					"$(inherited)",
					"@executable_path/Frameworks",
				);
				PRODUCT_BUNDLE_IDENTIFIER = "com.example.animekvabidz--18";
				PRODUCT_NAME = "$(TARGET_NAME)";
				SWIFT_VERSION = 5.0;
				TARGETED_DEVICE_FAMILY = "1,2";
			};
			name = Release;
		};
/* End XCBuildConfiguration section */

/* Begin XCConfigurationList section */
		63E8930F265BDB840080ABEA /* Build configuration list for PBXProject "animekvabidz__18" */ = {
			isa = XCConfigurationList;
			buildConfigurations = (
				63E89326265BDB860080ABEA /* Debug */,
				63E89327265BDB860080ABEA /* Release */,
			);
			defaultConfigurationIsVisible = 0;
			defaultConfigurationName = Release;
		};
		63E89328265BDB860080ABEA /* Build configuration list for PBXNativeTarget "animekvabidz__18" */ = {
			isa = XCConfigurationList;
			buildConfigurations = (
				63E89329265BDB860080ABEA /* Debug */,
				63E8932A265BDB860080ABEA /* Release */,
			);
			defaultConfigurationIsVisible = 0;
			defaultConfigurationName = Release;
		};
/* End XCConfigurationList section */

/* Begin XCRemoteSwiftPackageReference section */
		63E89331265BE8080080ABEA /* XCRemoteSwiftPackageReference "Kingfisher" */ = {
			isa = XCRemoteSwiftPackageReference;
			repositoryURL = "https://github.com/onevcat/Kingfisher";
			requirement = {
				kind = upToNextMajorVersion;
				minimumVersion = 6.3.0;
			};
		};
/* End XCRemoteSwiftPackageReference section */

/* Begin XCSwiftPackageProductDependency section */
		63E89332265BE8080080ABEA /* Kingfisher */ = {
			isa = XCSwiftPackageProductDependency;
			package = 63E89331265BE8080080ABEA /* XCRemoteSwiftPackageReference "Kingfisher" */;
			productName = Kingfisher;
		};
/* End XCSwiftPackageProductDependency section */
	};
	rootObject = 63E8930C265BDB840080ABEA /* Project object */;
}
